
Microsoft Visual Studio Solution File, Format Version 12.00
# Visual Studio Version 17
VisualStudioVersion = 17.13.35913.81
MinimumVisualStudioVersion = 10.0.40219.1
Project("{FAE04EC0-301F-11D3-BF4B-00C04F79EFBC}") = "RunForHope", "RunForHope.csproj", "{560C32C1-615C-474F-82EC-8DAFD706C3CB}"
EndProject
Global
	GlobalSection(SolutionConfigurationPlatforms) = preSolution
		Debug|Any CPU = Debug|Any CPU
		Release|Any CPU = Release|Any CPU
	EndGlobalSection
	GlobalSection(ProjectConfigurationPlatforms) = postSolution
		{560C32C1-615C-474F-82EC-8DAFD706C3CB}.Debug|Any CPU.ActiveCfg = Debug|Any CPU
		{560C32C1-615C-474F-82EC-8DAFD706C3CB}.Debug|Any CPU.Build.0 = Debug|Any CPU
		{560C32C1-615C-474F-82EC-8DAFD706C3CB}.Release|Any CPU.ActiveCfg = Release|Any CPU
		{560C32C1-615C-474F-82EC-8DAFD706C3CB}.Release|Any CPU.Build.0 = Release|Any CPU
	EndGlobalSection
	GlobalSection(SolutionProperties) = preSolution
		HideSolutionNode = FALSE
	EndGlobalSection
	GlobalSection(ExtensibilityGlobals) = postSolution
		SolutionGuid = {5993C845-B37B-4D3E-BBB0-8C2B00F56242}
	EndGlobalSection
EndGlobal
